
Microsoft Visual Studio Solution File, Format Version 12.00
# Visual Studio Version 17
VisualStudioVersion = 17.9.34714.143
MinimumVisualStudioVersion = 10.0.40219.1
Project("{FAE04EC0-301F-11D3-BF4B-00C04F79EFBC}") = "PlanningAPI", "PlanningAPI.csproj", "{735F3A14-5CC6-4BBB-A192-267A84301450}"
EndProject
Global
	GlobalSection(SolutionConfigurationPlatforms) = preSolution
		Debug|Any CPU = Debug|Any CPU
		Release|Any CPU = Release|Any CPU
	EndGlobalSection
	GlobalSection(ProjectConfigurationPlatforms) = postSolution
		{735F3A14-5CC6-4BBB-A192-267A84301450}.Debug|Any CPU.ActiveCfg = Debug|Any CPU
		{735F3A14-5CC6-4BBB-A192-267A84301450}.Debug|Any CPU.Build.0 = Debug|Any CPU
		{735F3A14-5CC6-4BBB-A192-267A84301450}.Release|Any CPU.ActiveCfg = Release|Any CPU
		{735F3A14-5CC6-4BBB-A192-267A84301450}.Release|Any CPU.Build.0 = Release|Any CPU
	EndGlobalSection
	GlobalSection(SolutionProperties) = preSolution
		HideSolutionNode = FALSE
	EndGlobalSection
	GlobalSection(ExtensibilityGlobals) = postSolution
		SolutionGuid = {11369F55-5F0E-4A47-BA9E-178AB892D395}
	EndGlobalSection
EndGlobal
